
Microsoft Visual Studio Solution File, Format Version 12.00
# Visual Studio Version 17
VisualStudioVersion = 17.6.33815.320
MinimumVisualStudioVersion = 10.0.40219.1
Project("{FAE04EC0-301F-11D3-BF4B-00C04F79EFBC}") = "Easy Project v01", "Easy Project v01\Easy Project v01.csproj", "{C61E7E40-2D2D-4545-AA09-6C169ECD7CF5}"
EndProject
Global
	GlobalSection(SolutionConfigurationPlatforms) = preSolution
		Debug|Any CPU = Debug|Any CPU
		Release|Any CPU = Release|Any CPU
	EndGlobalSection
	GlobalSection(ProjectConfigurationPlatforms) = postSolution
		{C61E7E40-2D2D-4545-AA09-6C169ECD7CF5}.Debug|Any CPU.ActiveCfg = Debug|Any CPU
		{C61E7E40-2D2D-4545-AA09-6C169ECD7CF5}.Debug|Any CPU.Build.0 = Debug|Any CPU
		{C61E7E40-2D2D-4545-AA09-6C169ECD7CF5}.Release|Any CPU.ActiveCfg = Release|Any CPU
		{C61E7E40-2D2D-4545-AA09-6C169ECD7CF5}.Release|Any CPU.Build.0 = Release|Any CPU
	EndGlobalSection
	GlobalSection(SolutionProperties) = preSolution
		HideSolutionNode = FALSE
	EndGlobalSection
	GlobalSection(ExtensibilityGlobals) = postSolution
		SolutionGuid = {F82F15DF-C8A8-4A2A-8008-E6FA34F9AC7F}
	EndGlobalSection
EndGlobal
