
Microsoft Visual Studio Solution File, Format Version 12.00
# Visual Studio Version 17
VisualStudioVersion = 17.6.33815.320
MinimumVisualStudioVersion = 10.0.40219.1
Project("{FAE04EC0-301F-11D3-BF4B-00C04F79EFBC}") = "Easy Project v05", "Easy Project v05\Easy Project v05.csproj", "{AA9C4917-04F2-474F-8FAC-422068B33F25}"
EndProject
Global
	GlobalSection(SolutionConfigurationPlatforms) = preSolution
		Debug|Any CPU = Debug|Any CPU
		Release|Any CPU = Release|Any CPU
	EndGlobalSection
	GlobalSection(ProjectConfigurationPlatforms) = postSolution
		{AA9C4917-04F2-474F-8FAC-422068B33F25}.Debug|Any CPU.ActiveCfg = Debug|Any CPU
		{AA9C4917-04F2-474F-8FAC-422068B33F25}.Debug|Any CPU.Build.0 = Debug|Any CPU
		{AA9C4917-04F2-474F-8FAC-422068B33F25}.Release|Any CPU.ActiveCfg = Release|Any CPU
		{AA9C4917-04F2-474F-8FAC-422068B33F25}.Release|Any CPU.Build.0 = Release|Any CPU
	EndGlobalSection
	GlobalSection(SolutionProperties) = preSolution
		HideSolutionNode = FALSE
	EndGlobalSection
	GlobalSection(ExtensibilityGlobals) = postSolution
		SolutionGuid = {209746F1-AB8D-4DAD-B346-AE558F5D1E70}
	EndGlobalSection
EndGlobal
